
Microsoft Visual Studio Solution File, Format Version 12.00
# Visual Studio Version 17
VisualStudioVersion = 17.11.35208.52
MinimumVisualStudioVersion = 10.0.40219.1
Project("{FAE04EC0-301F-11D3-BF4B-00C04F79EFBC}") = "AppQuanLyTro", "AppQuanLyTro.csproj", "{93DB1A54-5AD6-4F7E-B937-1A3217F93A41}"
EndProject
Global
	GlobalSection(SolutionConfigurationPlatforms) = preSolution
		Debug|Any CPU = Debug|Any CPU
		Release|Any CPU = Release|Any CPU
	EndGlobalSection
	GlobalSection(ProjectConfigurationPlatforms) = postSolution
		{93DB1A54-5AD6-4F7E-B937-1A3217F93A41}.Debug|Any CPU.ActiveCfg = Debug|Any CPU
		{93DB1A54-5AD6-4F7E-B937-1A3217F93A41}.Debug|Any CPU.Build.0 = Debug|Any CPU
		{93DB1A54-5AD6-4F7E-B937-1A3217F93A41}.Release|Any CPU.ActiveCfg = Release|Any CPU
		{93DB1A54-5AD6-4F7E-B937-1A3217F93A41}.Release|Any CPU.Build.0 = Release|Any CPU
	EndGlobalSection
	GlobalSection(SolutionProperties) = preSolution
		HideSolutionNode = FALSE
	EndGlobalSection
	GlobalSection(ExtensibilityGlobals) = postSolution
		SolutionGuid = {9698375B-D3A6-42F2-BFD6-C98B2F4620DF}
	EndGlobalSection
EndGlobal
